
Microsoft Visual Studio Solution File, Format Version 12.00
# Visual Studio Version 17
VisualStudioVersion = 17.13.35931.197
MinimumVisualStudioVersion = 10.0.40219.1
Project("{FAE04EC0-301F-11D3-BF4B-00C04F79EFBC}") = "ResenhaWeb", "src\ResenhaWeb.Server\ResenhaWeb.csproj", "{DDAE8067-A5AD-8580-562D-56A45B348551}"
EndProject
Project("{FAE04EC0-301F-11D3-BF4B-00C04F79EFBC}") = "ResenhaWeb.Client", "src\ResenhaWeb.Client\ResenhaWeb.Client.csproj", "{DEFE5B38-A080-7B87-5281-E75B885898FE}"
EndProject
Project("{2150E333-8FDC-42A3-9474-1A3956D46DE8}") = "Usuario", "Usuario", "{02EA681E-C7D8-13C7-8484-4AC65E1B71E8}"
EndProject
Project("{FAE04EC0-301F-11D3-BF4B-00C04F79EFBC}") = "Resenha.Modulo.Usuario", "Resenha.Modulo.Usuario\Resenha.Modulo.Usuario.csproj", "{0D4789BC-D007-4F7E-9EAF-81C033DED1E0}"
EndProject
Project("{FAE04EC0-301F-11D3-BF4B-00C04F79EFBC}") = "Resenha.Modulo.Usuario.Application", "Resenha.Modulo.Usuario.Application\Resenha.Modulo.Usuario.Application.csproj", "{2E09736F-C083-4CAE-B3E0-CD8FDC2B900E}"
EndProject
Global
	GlobalSection(SolutionConfigurationPlatforms) = preSolution
		Debug|Any CPU = Debug|Any CPU
		Release|Any CPU = Release|Any CPU
	EndGlobalSection
	GlobalSection(ProjectConfigurationPlatforms) = postSolution
		{DDAE8067-A5AD-8580-562D-56A45B348551}.Debug|Any CPU.ActiveCfg = Debug|Any CPU
		{DDAE8067-A5AD-8580-562D-56A45B348551}.Debug|Any CPU.Build.0 = Debug|Any CPU
		{DDAE8067-A5AD-8580-562D-56A45B348551}.Release|Any CPU.ActiveCfg = Release|Any CPU
		{DDAE8067-A5AD-8580-562D-56A45B348551}.Release|Any CPU.Build.0 = Release|Any CPU
		{DEFE5B38-A080-7B87-5281-E75B885898FE}.Debug|Any CPU.ActiveCfg = Debug|Any CPU
		{DEFE5B38-A080-7B87-5281-E75B885898FE}.Debug|Any CPU.Build.0 = Debug|Any CPU
		{DEFE5B38-A080-7B87-5281-E75B885898FE}.Release|Any CPU.ActiveCfg = Release|Any CPU
		{DEFE5B38-A080-7B87-5281-E75B885898FE}.Release|Any CPU.Build.0 = Release|Any CPU
		{0D4789BC-D007-4F7E-9EAF-81C033DED1E0}.Debug|Any CPU.ActiveCfg = Debug|Any CPU
		{0D4789BC-D007-4F7E-9EAF-81C033DED1E0}.Debug|Any CPU.Build.0 = Debug|Any CPU
		{0D4789BC-D007-4F7E-9EAF-81C033DED1E0}.Release|Any CPU.ActiveCfg = Release|Any CPU
		{0D4789BC-D007-4F7E-9EAF-81C033DED1E0}.Release|Any CPU.Build.0 = Release|Any CPU
		{2E09736F-C083-4CAE-B3E0-CD8FDC2B900E}.Debug|Any CPU.ActiveCfg = Debug|Any CPU
		{2E09736F-C083-4CAE-B3E0-CD8FDC2B900E}.Debug|Any CPU.Build.0 = Debug|Any CPU
		{2E09736F-C083-4CAE-B3E0-CD8FDC2B900E}.Release|Any CPU.ActiveCfg = Release|Any CPU
		{2E09736F-C083-4CAE-B3E0-CD8FDC2B900E}.Release|Any CPU.Build.0 = Release|Any CPU
	EndGlobalSection
	GlobalSection(SolutionProperties) = preSolution
		HideSolutionNode = FALSE
	EndGlobalSection
	GlobalSection(NestedProjects) = preSolution
		{0D4789BC-D007-4F7E-9EAF-81C033DED1E0} = {02EA681E-C7D8-13C7-8484-4AC65E1B71E8}
		{2E09736F-C083-4CAE-B3E0-CD8FDC2B900E} = {02EA681E-C7D8-13C7-8484-4AC65E1B71E8}
	EndGlobalSection
	GlobalSection(ExtensibilityGlobals) = postSolution
		SolutionGuid = {BF6F2987-64A8-41EC-8250-12765001E541}
	EndGlobalSection
EndGlobal
